{
  "pins" : [
    {
      "identity" : "dsfregex",
      "kind" : "remoteSourceControl",
      "location" : "https://github.com/dagronf/DSFRegex",
      "state" : {
        "revision" : "e0e64805519b23b08dcca9c83ca2d4a2b3de4c33",
        "version" : "3.4.0"
      }
    },
    {
      "identity" : "haishinkit.swift",
      "kind" : "remoteSourceControl",
      "location" : "https://github.com/shogo4405/HaishinKit.swift",
      "state" : {
        "revision" : "0fdd6b0046964161e3a7d263685ac1737e57a341",
        "version" : "1.7.3"
      }
    },
    {
      "identity" : "kingfisher",
      "kind" : "remoteSourceControl",
      "location" : "https://github.com/onevcat/Kingfisher.git",
      "state" : {
        "revision" : "8648fe649c5d62be38721110f835821906e9242a",
        "version" : "8.13.0"
      }
    },
    {
      "identity" : "logboard",
      "kind" : "remoteSourceControl",
      "location" : "https://github.com/shogo4405/Logboard.git",
      "state" : {
        "revision" : "c6328f9751627287bcddcf0106eb54e5ca6b9ef8",
        "version" : "2.4.2"
      }
    },
    {
      "identity" : "openapikit",
      "kind" : "remoteSourceControl",
      "location" : "https://github.com/mattpolzin/OpenAPIKit",
      "state" : {
        "revision" : "343b2c1793058fcc53c1bd7e2907f8e3a4d640fb",
        "version" : "3.9.0"
      }
    },
    {
      "identity" : "swift-algorithms",
      "kind" : "remoteSourceControl",
      "location" : "https://github.com/apple/swift-algorithms",
      "state" : {
        "revision" : "87e50f483c54e6efd60e885f7f5aa946cee68023",
        "version" : "1.2.1"
      }
    },
    {
      "identity" : "swift-argument-parser",
      "kind" : "remoteSourceControl",
      "location" : "https://github.com/apple/swift-argument-parser",
      "state" : {
        "revision" : "626b5b7b2f45e1b0b1c6f4a309296d1d21d7311b",
        "version" : "1.7.1"
      }
    },
    {
      "identity" : "swift-collections",
      "kind" : "remoteSourceControl",
      "location" : "https://github.com/apple/swift-collections",
      "state" : {
        "revision" : "fea17c02d767f46b23070fdfdacc28a03a39232a",
        "version" : "1.5.1"
      }
    },
    {
      "identity" : "swift-docc-plugin",
      "kind" : "remoteSourceControl",
      "location" : "https://github.com/apple/swift-docc-plugin",
      "state" : {
        "revision" : "647c708be89f834fa6a6d4945442793a77ddf5b6",
        "version" : "1.5.0"
      }
    },
    {
      "identity" : "swift-docc-symbolkit",
      "kind" : "remoteSourceControl",
      "location" : "https://github.com/swiftlang/swift-docc-symbolkit",
      "state" : {
        "revision" : "b45d1f2ed151d057b54504d653e0da5552844e34",
        "version" : "1.0.0"
      }
    },
    {
      "identity" : "swift-http-types",
      "kind" : "remoteSourceControl",
      "location" : "https://github.com/apple/swift-http-types",
      "state" : {
        "revision" : "45eb0224913ea070ec4fba17291b9e7ecf4749ca",
        "version" : "1.5.1"
      }
    },
    {
      "identity" : "swift-numerics",
      "kind" : "remoteSourceControl",
      "location" : "https://github.com/apple/swift-numerics.git",
      "state" : {
        "revision" : "0c0290ff6b24942dadb83a929ffaaa1481df04a2",
        "version" : "1.1.1"
      }
    },
    {
      "identity" : "swift-openapi-generator",
      "kind" : "remoteSourceControl",
      "location" : "https://github.com/apple/swift-openapi-generator",
      "state" : {
        "revision" : "84b693f9d0559dc488e691edb4837bafbce2aaea",
        "version" : "1.7.0"
      }
    },
    {
      "identity" : "swift-openapi-runtime",
      "kind" : "remoteSourceControl",
      "location" : "https://github.com/apple/swift-openapi-runtime",
      "state" : {
        "revision" : "23146bc8710ac5e57abb693113f02dc274cf39b6",
        "version" : "1.8.0"
      }
    },
    {
      "identity" : "swift-openapi-urlsession",
      "kind" : "remoteSourceControl",
      "location" : "https://github.com/apple/swift-openapi-urlsession",
      "state" : {
        "revision" : "9bf4c712ad7989d6a91dbe68748b8829a50837e4",
        "version" : "1.0.2"
      }
    },
    {
      "identity" : "swift-package-manager-google-interactive-media-ads-ios",
      "kind" : "remoteSourceControl",
      "location" : "https://github.com/googleads/swift-package-manager-google-interactive-media-ads-ios.git",
      "state" : {
        "revision" : "fdf54991c74edc228b59592a44f33c564abafcc0",
        "version" : "3.32.0"
      }
    },
    {
      "identity" : "swiftsubtitles",
      "kind" : "remoteSourceControl",
      "location" : "https://github.com/dagronf/SwiftSubtitles.git",
      "state" : {
        "revision" : "2c3d282cda97ce49adb196700404d8e46df9778c",
        "version" : "1.9.0"
      }
    },
    {
      "identity" : "tinycsv",
      "kind" : "remoteSourceControl",
      "location" : "https://github.com/dagronf/TinyCSV",
      "state" : {
        "revision" : "05d691ee7bab64f5ff075b97f47ef41d36a81f6f",
        "version" : "1.0.1"
      }
    },
    {
      "identity" : "tuskit",
      "kind" : "remoteSourceControl",
      "location" : "https://github.com/tus/TUSKit.git",
      "state" : {
        "revision" : "167938293923b5c31ba1255da5aada8e67533984",
        "version" : "3.7.1"
      }
    },
    {
      "identity" : "yams",
      "kind" : "remoteSourceControl",
      "location" : "https://github.com/jpsim/Yams",
      "state" : {
        "revision" : "3d6871d5b4a5cd519adf233fbb576e0a2af71c17",
        "version" : "5.4.0"
      }
    }
  ],
  "version" : 2
}
